PODS:
  - FBSnapshotTestCase (1.5)
  - OHHTTPStubs (3.1.10):
    - OHHTTPStubs/Core (= 3.1.10)
  - OHHTTPStubs/Core (3.1.10)

DEPENDENCIES:
  - FBSnapshotTestCase (from `https://github.com/delannoyk/ios-snapshot-test-case`)
  - OHHTTPStubs

EXTERNAL SOURCES:
  FBSnapshotTestCase:
    :git: https://github.com/delannoyk/ios-snapshot-test-case

CHECKOUT OPTIONS:
  FBSnapshotTestCase:
    :commit: 4c31f3f97ecd3f8c0e8362b91a9c62eba23d9a54
    :git: https://github.com/delannoyk/ios-snapshot-test-case

SPEC CHECKSUMS:
  FBSnapshotTestCase: 07fe8883d469ec3ac2c5ce9559eccfb95adfbad5
  OHHTTPStubs: 2038e929b6abb94881000524c1cb4aba0a1bb4a2

COCOAPODS: 0.36.0.beta.2
