PODS:
  - FBSnapshotTestCase (1.5)
  - OHHTTPStubs (4.2.0):
    - OHHTTPStubs/Default (= 4.2.0)
  - OHHTTPStubs/Core (4.2.0)
  - OHHTTPStubs/Default (4.2.0):
    - OHHTTPStubs/Core
    - OHHTTPStubs/JSON
    - OHHTTPStubs/NSURLSession
    - OHHTTPStubs/OHPathHelpers
  - OHHTTPStubs/JSON (4.2.0):
    - OHHTTPStubs/Core
  - OHHTTPStubs/NSURLSession (4.2.0):
    - OHHTTPStubs/Core
  - OHHTTPStubs/OHPathHelpers (4.2.0)

DEPENDENCIES:
  - FBSnapshotTestCase (from `https://github.com/delannoyk/ios-snapshot-test-case`)
  - OHHTTPStubs

EXTERNAL SOURCES:
  FBSnapshotTestCase:
    :git: https://github.com/delannoyk/ios-snapshot-test-case

CHECKOUT OPTIONS:
  FBSnapshotTestCase:
    :commit: 4c31f3f97ecd3f8c0e8362b91a9c62eba23d9a54
    :git: https://github.com/delannoyk/ios-snapshot-test-case

SPEC CHECKSUMS:
  FBSnapshotTestCase: 955cbc146cec727363951e3eab634c4e658cedb7
  OHHTTPStubs: f639130b83fb5f4f022d38f841141b0a6fa77249

COCOAPODS: 0.39.0.beta.3
